PODS:
  - bluey_ios (0.1.0):
    - Flutter
  - Flutter (1.0.0)

DEPENDENCIES:
  - bluey_ios (from `.symlinks/plugins/bluey_ios/ios`)
  - Flutter (from `Flutter`)

EXTERNAL SOURCES:
  bluey_ios:
    :path: ".symlinks/plugins/bluey_ios/ios"
  Flutter:
    :path: Flutter

SPEC CHECKSUMS:
  bluey_ios: 97ac2b48a234c4851581bd1f1786e96e3052ab3e
  Flutter: cabc95a1d2626b1b06e7179b784ebcf0c0cde467

PODFILE CHECKSUM: 3c63482e143d1b91d2d2560aee9fb04ecc74ac7e

COCOAPODS: 1.16.2
